# This file is generated by running "yarn install" inside your project.
# Manual changes might be lost - proceed with caution!

__metadata:
  version: 6
  cacheKey: 8

"@notionhq/client@npm:^2.2.5":
  version: 2.2.5
  resolution: "@notionhq/client@npm:2.2.5"
  dependencies:
    "@types/node-fetch": ^2.5.10
    node-fetch: ^2.6.1
  checksum: e663e9dec58548226ea463fba1409ee9c5af26bdae71b2c5885c11b3c39b9238578ae067e31d5bd33b67cef492f603b264dcdad52692e33e03e0c0a085cb89f0
  languageName: node
  linkType: hard

"@types/node-fetch@npm:^2.5.10":
  version: 2.6.4
  resolution: "@types/node-fetch@npm:2.6.4"
  dependencies:
    "@types/node": "*"
    form-data: ^3.0.0
  checksum: f3e1d881bb42269e676ecaf49f0e096ab345e22823a2b2d071d60619414817fe02df48a31a8d05adb23054028a2a65521bdb3906ceb763ab6d3339c8d8775058
  languageName: node
  linkType: hard

"@types/node@npm:*":
  version: 20.2.5
  resolution: "@types/node@npm:20.2.5"
  checksum: 38ce7c7e9d76880dc632f71d71e0d5914fcda9d5e9a7095d6c339abda55ca4affb0f2a882aeb29398f8e09d2c5151f0b6586c81c8ccdfe529c34b1ea3337425e
  languageName: node
  linkType: hard

"asynckit@npm:^0.4.0":
  version: 0.4.0
  resolution: "asynckit@npm:0.4.0"
  checksum: 7b78c451df768adba04e2d02e63e2d0bf3b07adcd6e42b4cf665cb7ce899bedd344c69a1dcbce355b5f972d597b25aaa1c1742b52cffd9caccb22f348114f6be
  languageName: node
  linkType: hard

"combined-stream@npm:^1.0.8":
  version: 1.0.8
  resolution: "combined-stream@npm:1.0.8"
  dependencies:
    delayed-stream: ~1.0.0
  checksum: 49fa4aeb4916567e33ea81d088f6584749fc90c7abec76fd516bf1c5aa5c79f3584b5ba3de6b86d26ddd64bae5329c4c7479343250cfe71c75bb366eae53bb7c
  languageName: node
  linkType: hard

"delayed-stream@npm:~1.0.0":
  version: 1.0.0
  resolution: "delayed-stream@npm:1.0.0"
  checksum: 46fe6e83e2cb1d85ba50bd52803c68be9bd953282fa7096f51fc29edd5d67ff84ff753c51966061e5ba7cb5e47ef6d36a91924eddb7f3f3483b1c560f77a0020
  languageName: node
  linkType: hard

"form-data@npm:^3.0.0":
  version: 3.0.1
  resolution: "form-data@npm:3.0.1"
  dependencies:
    asynckit: ^0.4.0
    combined-stream: ^1.0.8
    mime-types: ^2.1.12
  checksum: b019e8d35c8afc14a2bd8a7a92fa4f525a4726b6d5a9740e8d2623c30e308fbb58dc8469f90415a856698933c8479b01646a9dff33c87cc4e76d72aedbbf860d
  languageName: node
  linkType: hard

"markdown-table@npm:^2.0.0":
  version: 2.0.0
  resolution: "markdown-table@npm:2.0.0"
  dependencies:
    repeat-string: ^1.0.0
  checksum: 9bb634a9300016cbb41216c1eab44c74b6b7083ac07872e296f900a29449cf0e260ece03fa10c3e9784ab94c61664d1d147da0315f95e1336e2bdcc025615c90
  languageName: node
  linkType: hard

"mime-db@npm:1.52.0":
  version: 1.52.0
  resolution: "mime-db@npm:1.52.0"
  checksum: 0d99a03585f8b39d68182803b12ac601d9c01abfa28ec56204fa330bc9f3d1c5e14beb049bafadb3dbdf646dfb94b87e24d4ec7b31b7279ef906a8ea9b6a513f
  languageName: node
  linkType: hard

"mime-types@npm:^2.1.12":
  version: 2.1.35
  resolution: "mime-types@npm:2.1.35"
  dependencies:
    mime-db: 1.52.0
  checksum: 89a5b7f1def9f3af5dad6496c5ed50191ae4331cc5389d7c521c8ad28d5fdad2d06fd81baf38fed813dc4e46bb55c8145bb0ff406330818c9cf712fb2e9b3836
  languageName: node
  linkType: hard

"node-fetch@npm:2, node-fetch@npm:^2.6.1":
  version: 2.6.11
  resolution: "node-fetch@npm:2.6.11"
  dependencies:
    whatwg-url: ^5.0.0
  peerDependencies:
    encoding: ^0.1.0
  peerDependenciesMeta:
    encoding:
      optional: true
  checksum: 249d0666a9497553384d46b5ab296ba223521ac88fed4d8a17d6ee6c2efb0fc890f3e8091cafe7f9fba8151a5b8d925db2671543b3409a56c3cd522b468b47b3
  languageName: node
  linkType: hard

"notion-to-md@npm:^3.0.1":
  version: 3.0.1
  resolution: "notion-to-md@npm:3.0.1"
  dependencies:
    markdown-table: ^2.0.0
    node-fetch: 2
  checksum: 337ee1812c77f95c50454c71b223ff638d2731362c70b709ca321f8848e858d2e2baaa76bd4fa6b01533892dffb2d9fe86597323b7ef8171ca8897988285b597
  languageName: node
  linkType: hard

"pull-notion-posts@workspace:.":
  version: 0.0.0-use.local
  resolution: "pull-notion-posts@workspace:."
  dependencies:
    "@notionhq/client": ^2.2.5
    notion-to-md: ^3.0.1
  languageName: unknown
  linkType: soft

"repeat-string@npm:^1.0.0":
  version: 1.6.1
  resolution: "repeat-string@npm:1.6.1"
  checksum: 1b809fc6db97decdc68f5b12c4d1a671c8e3f65ec4a40c238bc5200e44e85bcc52a54f78268ab9c29fcf5fe4f1343e805420056d1f30fa9a9ee4c2d93e3cc6c0
  languageName: node
  linkType: hard

"tr46@npm:~0.0.3":
  version: 0.0.3
  resolution: "tr46@npm:0.0.3"
  checksum: 726321c5eaf41b5002e17ffbd1fb7245999a073e8979085dacd47c4b4e8068ff5777142fc6726d6ca1fd2ff16921b48788b87225cbc57c72636f6efa8efbffe3
  languageName: node
  linkType: hard

"webidl-conversions@npm:^3.0.0":
  version: 3.0.1
  resolution: "webidl-conversions@npm:3.0.1"
  checksum: c92a0a6ab95314bde9c32e1d0a6dfac83b578f8fa5f21e675bc2706ed6981bc26b7eb7e6a1fab158e5ce4adf9caa4a0aee49a52505d4d13c7be545f15021b17c
  languageName: node
  linkType: hard

"whatwg-url@npm:^5.0.0":
  version: 5.0.0
  resolution: "whatwg-url@npm:5.0.0"
  dependencies:
    tr46: ~0.0.3
    webidl-conversions: ^3.0.0
  checksum: b8daed4ad3356cc4899048a15b2c143a9aed0dfae1f611ebd55073310c7b910f522ad75d727346ad64203d7e6c79ef25eafd465f4d12775ca44b90fa82ed9e2c
  languageName: node
  linkType: hard
